
Microsoft Visual Studio Solution File, Format Version 12.00
# Visual Studio Version 17
VisualStudioVersion = 17.8.34408.163
MinimumVisualStudioVersion = 10.0.40219.1
Project("{FAE04EC0-301F-11D3-BF4B-00C04F79EFBC}") = "CustomerService", "WcfServiceDapper\CustomerService.csproj", "{8B2C4652-05FC-4BEE-8E1E-94FBE646EBFA}"
EndProject
Project("{2150E333-8FDC-42A3-9474-1A3956D46DE8}") = "Solution Items", "Solution Items", "{8A893C39-F70B-47B5-9781-EE77C364F206}"
	ProjectSection(SolutionItems) = preProject
		ReadMe.md = ReadMe.md
	EndProjectSection
EndProject
Project("{FAE04EC0-301F-11D3-BF4B-00C04F79EFBC}") = "CustomerAPI.Deprecated", "CustomerAPI\CustomerAPI.Deprecated.csproj", "{1CF9BE01-BFA0-4061-9730-D4863CB41C18}"
EndProject
Project("{FAE04EC0-301F-11D3-BF4B-00C04F79EFBC}") = "CustomerLibrary.Deprecated", "CustomerLibrary\CustomerLibrary.Deprecated.csproj", "{0A0B8E63-C57A-4757-B387-205E12D1668A}"
EndProject
Project("{FAE04EC0-301F-11D3-BF4B-00C04F79EFBC}") = "CustomerSite", "CustomerSiteLite\CustomerSite.csproj", "{B127CCC4-48C3-427D-8A4B-6E8A8A4C761D}"
EndProject
Project("{9A19103F-16F7-4668-BE54-9A1E7A4F7556}") = "CustomerAPIStandard20.Deprecated", "CustomerAPIStandard20\CustomerAPIStandard20.Deprecated.csproj", "{FA2C1AF1-23FE-43B9-A78E-C78DEA572AD6}"
EndProject
Project("{9A19103F-16F7-4668-BE54-9A1E7A4F7556}") = "CustomerSiteCore", "CustomerSiteCore\CustomerSiteCore.csproj", "{28D3E35C-B9A8-42F5-A16E-C8A8BC722F09}"
EndProject
Project("{FAE04EC0-301F-11D3-BF4B-00C04F79EFBC}") = "CustomerLibraryCore", "CustomerLibraryCore\CustomerLibraryCore.csproj", "{63E14DFA-E556-4B49-94B3-4B99E717729A}"
EndProject
Project("{FAE04EC0-301F-11D3-BF4B-00C04F79EFBC}") = "CustomerAPICore", "CustomerAPICore\CustomerAPICore.csproj", "{7E2157CC-B676-4B33-8E17-8FBA331089AA}"
EndProject
Project("{FAE04EC0-301F-11D3-BF4B-00C04F79EFBC}") = "CustomerApiCore.Web", "CustomerWebAPICore\CustomerApiCore.Web.csproj", "{427E80B1-5A45-4DBE-AFC4-9C6BAE50E7BD}"
EndProject
Global
	GlobalSection(SolutionConfigurationPlatforms) = preSolution
		Debug|Any CPU = Debug|Any CPU
		Release|Any CPU = Release|Any CPU
	EndGlobalSection
	GlobalSection(ProjectConfigurationPlatforms) = postSolution
		{8B2C4652-05FC-4BEE-8E1E-94FBE646EBFA}.Debug|Any CPU.ActiveCfg = Debug|Any CPU
		{8B2C4652-05FC-4BEE-8E1E-94FBE646EBFA}.Debug|Any CPU.Build.0 = Debug|Any CPU
		{8B2C4652-05FC-4BEE-8E1E-94FBE646EBFA}.Release|Any CPU.ActiveCfg = Release|Any CPU
		{8B2C4652-05FC-4BEE-8E1E-94FBE646EBFA}.Release|Any CPU.Build.0 = Release|Any CPU
		{1CF9BE01-BFA0-4061-9730-D4863CB41C18}.Debug|Any CPU.ActiveCfg = Debug|Any CPU
		{1CF9BE01-BFA0-4061-9730-D4863CB41C18}.Debug|Any CPU.Build.0 = Debug|Any CPU
		{1CF9BE01-BFA0-4061-9730-D4863CB41C18}.Release|Any CPU.ActiveCfg = Release|Any CPU
		{1CF9BE01-BFA0-4061-9730-D4863CB41C18}.Release|Any CPU.Build.0 = Release|Any CPU
		{0A0B8E63-C57A-4757-B387-205E12D1668A}.Debug|Any CPU.ActiveCfg = Debug|Any CPU
		{0A0B8E63-C57A-4757-B387-205E12D1668A}.Debug|Any CPU.Build.0 = Debug|Any CPU
		{0A0B8E63-C57A-4757-B387-205E12D1668A}.Release|Any CPU.ActiveCfg = Release|Any CPU
		{0A0B8E63-C57A-4757-B387-205E12D1668A}.Release|Any CPU.Build.0 = Release|Any CPU
		{B127CCC4-48C3-427D-8A4B-6E8A8A4C761D}.Debug|Any CPU.ActiveCfg = Debug|Any CPU
		{B127CCC4-48C3-427D-8A4B-6E8A8A4C761D}.Debug|Any CPU.Build.0 = Debug|Any CPU
		{B127CCC4-48C3-427D-8A4B-6E8A8A4C761D}.Release|Any CPU.ActiveCfg = Release|Any CPU
		{B127CCC4-48C3-427D-8A4B-6E8A8A4C761D}.Release|Any CPU.Build.0 = Release|Any CPU
		{FA2C1AF1-23FE-43B9-A78E-C78DEA572AD6}.Debug|Any CPU.ActiveCfg = Debug|Any CPU
		{FA2C1AF1-23FE-43B9-A78E-C78DEA572AD6}.Debug|Any CPU.Build.0 = Debug|Any CPU
		{FA2C1AF1-23FE-43B9-A78E-C78DEA572AD6}.Release|Any CPU.ActiveCfg = Release|Any CPU
		{FA2C1AF1-23FE-43B9-A78E-C78DEA572AD6}.Release|Any CPU.Build.0 = Release|Any CPU
		{28D3E35C-B9A8-42F5-A16E-C8A8BC722F09}.Debug|Any CPU.ActiveCfg = Debug|Any CPU
		{28D3E35C-B9A8-42F5-A16E-C8A8BC722F09}.Debug|Any CPU.Build.0 = Debug|Any CPU
		{28D3E35C-B9A8-42F5-A16E-C8A8BC722F09}.Release|Any CPU.ActiveCfg = Release|Any CPU
		{28D3E35C-B9A8-42F5-A16E-C8A8BC722F09}.Release|Any CPU.Build.0 = Release|Any CPU
		{63E14DFA-E556-4B49-94B3-4B99E717729A}.Debug|Any CPU.ActiveCfg = Debug|Any CPU
		{63E14DFA-E556-4B49-94B3-4B99E717729A}.Debug|Any CPU.Build.0 = Debug|Any CPU
		{63E14DFA-E556-4B49-94B3-4B99E717729A}.Release|Any CPU.ActiveCfg = Release|Any CPU
		{63E14DFA-E556-4B49-94B3-4B99E717729A}.Release|Any CPU.Build.0 = Release|Any CPU
		{7E2157CC-B676-4B33-8E17-8FBA331089AA}.Debug|Any CPU.ActiveCfg = Debug|Any CPU
		{7E2157CC-B676-4B33-8E17-8FBA331089AA}.Debug|Any CPU.Build.0 = Debug|Any CPU
		{7E2157CC-B676-4B33-8E17-8FBA331089AA}.Release|Any CPU.ActiveCfg = Release|Any CPU
		{7E2157CC-B676-4B33-8E17-8FBA331089AA}.Release|Any CPU.Build.0 = Release|Any CPU
		{427E80B1-5A45-4DBE-AFC4-9C6BAE50E7BD}.Debug|Any CPU.ActiveCfg = Debug|Any CPU
		{427E80B1-5A45-4DBE-AFC4-9C6BAE50E7BD}.Debug|Any CPU.Build.0 = Debug|Any CPU
		{427E80B1-5A45-4DBE-AFC4-9C6BAE50E7BD}.Release|Any CPU.ActiveCfg = Release|Any CPU
		{427E80B1-5A45-4DBE-AFC4-9C6BAE50E7BD}.Release|Any CPU.Build.0 = Release|Any CPU
	EndGlobalSection
	GlobalSection(SolutionProperties) = preSolution
		HideSolutionNode = FALSE
	EndGlobalSection
	GlobalSection(ExtensibilityGlobals) = postSolution
		SolutionGuid = {4BFC0523-3C07-44F2-8383-4FF1751256AC}
	EndGlobalSection
EndGlobal
